
Microsoft Visual Studio Solution File, Format Version 12.00
# Visual Studio Version 17
VisualStudioVersion = 17.6.33801.468
MinimumVisualStudioVersion = 10.0.40219.1
Project("{9A19103F-16F7-4668-BE54-9A1E7A4F7556}") = "Beakjoon_Sharp", "Beakjoon_Sharp\Beakjoon_Sharp.csproj", "{AFBF5BE7-AE1E-4DC1-BD43-72C4FC2376A6}"
EndProject
Project("{9A19103F-16F7-4668-BE54-9A1E7A4F7556}") = "Beakjoon_Sharp_2581", "Beakjoon_Sharp_2581\Beakjoon_Sharp_2581.csproj", "{DB04F4FE-BE1E-4574-B1AB-7254648EEFE1}"
EndProject
Project("{9A19103F-16F7-4668-BE54-9A1E7A4F7556}") = "Beakjoon_Sharp_9506", "Beakjoon_Sharp_9506\Beakjoon_Sharp_9506.csproj", "{D85DCE4F-572E-444C-BBF6-EFAA530C880F}"
EndProject
Project("{9A19103F-16F7-4668-BE54-9A1E7A4F7556}") = "Beakjoon_Sharp_27323", "Beakjoon_Sharp_27323\Beakjoon_Sharp_27323.csproj", "{774CB5BF-3083-484C-BF88-C67593005F34}"
EndProject
Project("{9A19103F-16F7-4668-BE54-9A1E7A4F7556}") = "Beakjoon_Sharp_3009", "Beakjoon_Sharp_3009\Beakjoon_Sharp_3009.csproj", "{59CDCBE1-F106-4C1D-917C-CEBB9368E5CB}"
EndProject
Project("{9A19103F-16F7-4668-BE54-9A1E7A4F7556}") = "Beakjoon_Sharp_15894", "Beakjoon_Sharp_15894\Beakjoon_Sharp_15894.csproj", "{5F7071CC-EC08-4D2E-B857-A34FC8858A70}"
EndProject
Project("{9A19103F-16F7-4668-BE54-9A1E7A4F7556}") = "Beakjoon_Sharp_9063", "Beakjoon_Sharp_9063\Beakjoon_Sharp_9063.csproj", "{9BB9B1D4-05FC-4A34-BD0A-A4FC02E2CBD9}"
EndProject
Project("{9A19103F-16F7-4668-BE54-9A1E7A4F7556}") = "Beakjoon_Sharp_10101", "Beakjoon_Sharp_10101\Beakjoon_Sharp_10101.csproj", "{D3CB5EC5-3781-4206-A941-1AD69EFE9FD0}"
EndProject
Project("{9A19103F-16F7-4668-BE54-9A1E7A4F7556}") = "Beakjoon_Sharp_5073", "Beakjoon_Sharp_5073\Beakjoon_Sharp_5073.csproj", "{98BA8060-5918-4003-8A4D-04C0436F2184}"
EndProject
Project("{9A19103F-16F7-4668-BE54-9A1E7A4F7556}") = "Beakjoon_Sharp_14215", "Beakjoon_Sharp_14215\Beakjoon_Sharp_14215.csproj", "{FFBC716C-54A1-43B2-A6F2-0AD88E41CC0A}"
EndProject
Project("{9A19103F-16F7-4668-BE54-9A1E7A4F7556}") = "Beakjoon_Sharp_24262", "Beakjoon_Sharp_24262\Beakjoon_Sharp_24262.csproj", "{8FCD3A62-9872-4711-9D34-B6E7DE4743F9}"
EndProject
Project("{2150E333-8FDC-42A3-9474-1A3956D46DE8}") = "23-11-30", "23-11-30", "{2CE00342-33F1-407E-AA9C-722C7EF38308}"
EndProject
Project("{2150E333-8FDC-42A3-9474-1A3956D46DE8}") = "23-11-29", "23-11-29", "{2FE6FE6C-80E8-4E23-B6F5-475613857657}"
EndProject
Project("{9A19103F-16F7-4668-BE54-9A1E7A4F7556}") = "Beakjoon_Sharp_19532", "Beakjoon_Sharp_19532\Beakjoon_Sharp_19532.csproj", "{1412EC7D-62E4-4BE4-A278-C9C3E9C60F37}"
EndProject
Project("{2150E333-8FDC-42A3-9474-1A3956D46DE8}") = "23-12-01", "23-12-01", "{A9E42A26-C63D-4CA0-9177-07E83DBB7C12}"
EndProject
Project("{9A19103F-16F7-4668-BE54-9A1E7A4F7556}") = "Beakjoon_Sharp_2587", "Beakjoon_Sharp_2587\Beakjoon_Sharp_2587.csproj", "{C6509D85-F1C2-4004-B924-AED850C0DB8A}"
EndProject
Project("{9A19103F-16F7-4668-BE54-9A1E7A4F7556}") = "Beakjoon_Sharp_25305", "Beakjoon_Sharp_25305\Beakjoon_Sharp_25305.csproj", "{660FB8A6-F86B-4EDF-BA57-D43D3D1B2499}"
EndProject
Project("{9A19103F-16F7-4668-BE54-9A1E7A4F7556}") = "Beakjoon_Sharp_1427", "Beakjoon_Sharp_1427\Beakjoon_Sharp_1427.csproj", "{DFEEC976-2453-41AF-A97F-D214E53AC7FA}"
EndProject
Project("{9A19103F-16F7-4668-BE54-9A1E7A4F7556}") = "Beakjoon_Sharp_18870", "Beakjoon_Sharp_18870\Beakjoon_Sharp_18870.csproj", "{EE221BA9-A4BB-4E81-BCE3-8CE217435993}"
EndProject
Project("{9A19103F-16F7-4668-BE54-9A1E7A4F7556}") = "Beakjoon_Sharp_10815", "Beakjoon_Sharp_10815\Beakjoon_Sharp_10815.csproj", "{B3B4C488-6E05-4EEC-91B2-419316EAAFD3}"
EndProject
Project("{9A19103F-16F7-4668-BE54-9A1E7A4F7556}") = "Beakjoon_Sharp_10815_2", "Beakjoon_Sharp_10815_2\Beakjoon_Sharp_10815_2.csproj", "{2A75162B-07F5-43D3-8D5F-0E8881EDE3CE}"
EndProject
Project("{2150E333-8FDC-42A3-9474-1A3956D46DE8}") = "23-12-02", "23-12-02", "{A6C246E2-0320-4CF7-9B27-18B3398F6945}"
EndProject
Project("{9A19103F-16F7-4668-BE54-9A1E7A4F7556}") = "Beakjoon_Sharp_14425", "Beakjoon_Sharp_14425\Beakjoon_Sharp_14425.csproj", "{EE585BDA-2886-4038-B41E-CF4E32E8A0E1}"
EndProject
Project("{9A19103F-16F7-4668-BE54-9A1E7A4F7556}") = "Beakjoon_Sharp_7785", "Beakjoon_Sharp_7785\Beakjoon_Sharp_7785.csproj", "{20CB6C67-563C-4782-9ADF-D678974A175B}"
EndProject
Project("{9A19103F-16F7-4668-BE54-9A1E7A4F7556}") = "Beakjoon_Sharp_1269", "Beakjoon_Sharp_1269\Beakjoon_Sharp_1269.csproj", "{9087B53D-68B4-4520-9EB2-055E33A39555}"
EndProject
Project("{9A19103F-16F7-4668-BE54-9A1E7A4F7556}") = "Beakjoon_Sharp_11478", "Beakjoon_Sharp_11478\Beakjoon_Sharp_11478.csproj", "{7D5BE330-2ABF-417B-B9FB-5A119BB1EA8E}"
EndProject
Project("{2150E333-8FDC-42A3-9474-1A3956D46DE8}") = "새 폴더1", "새 폴더1", "{0D5E83C8-7F33-4B4E-BE80-04E44A900787}"
EndProject
Project("{2150E333-8FDC-42A3-9474-1A3956D46DE8}") = "23-12-03", "23-12-03", "{5D09FEBC-E02A-4571-9114-A2B6C48CE0F9}"
EndProject
Project("{FAE04EC0-301F-11D3-BF4B-00C04F79EFBC}") = "Beakjoon_Sharp_1934", "Beakjoon_Sharp_1934\Beakjoon_Sharp_1934.csproj", "{ED0E62DB-767A-4935-90D8-0C918756F62D}"
EndProject
Global
	GlobalSection(SolutionConfigurationPlatforms) = preSolution
		Debug|Any CPU = Debug|Any CPU
		Release|Any CPU = Release|Any CPU
	EndGlobalSection
	GlobalSection(ProjectConfigurationPlatforms) = postSolution
		{AFBF5BE7-AE1E-4DC1-BD43-72C4FC2376A6}.Debug|Any CPU.ActiveCfg = Debug|Any CPU
		{AFBF5BE7-AE1E-4DC1-BD43-72C4FC2376A6}.Debug|Any CPU.Build.0 = Debug|Any CPU
		{AFBF5BE7-AE1E-4DC1-BD43-72C4FC2376A6}.Release|Any CPU.ActiveCfg = Release|Any CPU
		{AFBF5BE7-AE1E-4DC1-BD43-72C4FC2376A6}.Release|Any CPU.Build.0 = Release|Any CPU
		{DB04F4FE-BE1E-4574-B1AB-7254648EEFE1}.Debug|Any CPU.ActiveCfg = Debug|Any CPU
		{DB04F4FE-BE1E-4574-B1AB-7254648EEFE1}.Debug|Any CPU.Build.0 = Debug|Any CPU
		{DB04F4FE-BE1E-4574-B1AB-7254648EEFE1}.Release|Any CPU.ActiveCfg = Release|Any CPU
		{DB04F4FE-BE1E-4574-B1AB-7254648EEFE1}.Release|Any CPU.Build.0 = Release|Any CPU
		{D85DCE4F-572E-444C-BBF6-EFAA530C880F}.Debug|Any CPU.ActiveCfg = Debug|Any CPU
		{D85DCE4F-572E-444C-BBF6-EFAA530C880F}.Debug|Any CPU.Build.0 = Debug|Any CPU
		{D85DCE4F-572E-444C-BBF6-EFAA530C880F}.Release|Any CPU.ActiveCfg = Release|Any CPU
		{D85DCE4F-572E-444C-BBF6-EFAA530C880F}.Release|Any CPU.Build.0 = Release|Any CPU
		{774CB5BF-3083-484C-BF88-C67593005F34}.Debug|Any CPU.ActiveCfg = Debug|Any CPU
		{774CB5BF-3083-484C-BF88-C67593005F34}.Debug|Any CPU.Build.0 = Debug|Any CPU
		{774CB5BF-3083-484C-BF88-C67593005F34}.Release|Any CPU.ActiveCfg = Release|Any CPU
		{774CB5BF-3083-484C-BF88-C67593005F34}.Release|Any CPU.Build.0 = Release|Any CPU
		{59CDCBE1-F106-4C1D-917C-CEBB9368E5CB}.Debug|Any CPU.ActiveCfg = Debug|Any CPU
		{59CDCBE1-F106-4C1D-917C-CEBB9368E5CB}.Debug|Any CPU.Build.0 = Debug|Any CPU
		{59CDCBE1-F106-4C1D-917C-CEBB9368E5CB}.Release|Any CPU.ActiveCfg = Release|Any CPU
		{59CDCBE1-F106-4C1D-917C-CEBB9368E5CB}.Release|Any CPU.Build.0 = Release|Any CPU
		{5F7071CC-EC08-4D2E-B857-A34FC8858A70}.Debug|Any CPU.ActiveCfg = Debug|Any CPU
		{5F7071CC-EC08-4D2E-B857-A34FC8858A70}.Debug|Any CPU.Build.0 = Debug|Any CPU
		{5F7071CC-EC08-4D2E-B857-A34FC8858A70}.Release|Any CPU.ActiveCfg = Release|Any CPU
		{5F7071CC-EC08-4D2E-B857-A34FC8858A70}.Release|Any CPU.Build.0 = Release|Any CPU
		{9BB9B1D4-05FC-4A34-BD0A-A4FC02E2CBD9}.Debug|Any CPU.ActiveCfg = Debug|Any CPU
		{9BB9B1D4-05FC-4A34-BD0A-A4FC02E2CBD9}.Debug|Any CPU.Build.0 = Debug|Any CPU
		{9BB9B1D4-05FC-4A34-BD0A-A4FC02E2CBD9}.Release|Any CPU.ActiveCfg = Release|Any CPU
		{9BB9B1D4-05FC-4A34-BD0A-A4FC02E2CBD9}.Release|Any CPU.Build.0 = Release|Any CPU
		{D3CB5EC5-3781-4206-A941-1AD69EFE9FD0}.Debug|Any CPU.ActiveCfg = Debug|Any CPU
		{D3CB5EC5-3781-4206-A941-1AD69EFE9FD0}.Debug|Any CPU.Build.0 = Debug|Any CPU
		{D3CB5EC5-3781-4206-A941-1AD69EFE9FD0}.Release|Any CPU.ActiveCfg = Release|Any CPU
		{D3CB5EC5-3781-4206-A941-1AD69EFE9FD0}.Release|Any CPU.Build.0 = Release|Any CPU
		{98BA8060-5918-4003-8A4D-04C0436F2184}.Debug|Any CPU.ActiveCfg = Debug|Any CPU
		{98BA8060-5918-4003-8A4D-04C0436F2184}.Debug|Any CPU.Build.0 = Debug|Any CPU
		{98BA8060-5918-4003-8A4D-04C0436F2184}.Release|Any CPU.ActiveCfg = Release|Any CPU
		{98BA8060-5918-4003-8A4D-04C0436F2184}.Release|Any CPU.Build.0 = Release|Any CPU
		{FFBC716C-54A1-43B2-A6F2-0AD88E41CC0A}.Debug|Any CPU.ActiveCfg = Debug|Any CPU
		{FFBC716C-54A1-43B2-A6F2-0AD88E41CC0A}.Debug|Any CPU.Build.0 = Debug|Any CPU
		{FFBC716C-54A1-43B2-A6F2-0AD88E41CC0A}.Release|Any CPU.ActiveCfg = Release|Any CPU
		{FFBC716C-54A1-43B2-A6F2-0AD88E41CC0A}.Release|Any CPU.Build.0 = Release|Any CPU
		{8FCD3A62-9872-4711-9D34-B6E7DE4743F9}.Debug|Any CPU.ActiveCfg = Debug|Any CPU
		{8FCD3A62-9872-4711-9D34-B6E7DE4743F9}.Debug|Any CPU.Build.0 = Debug|Any CPU
		{8FCD3A62-9872-4711-9D34-B6E7DE4743F9}.Release|Any CPU.ActiveCfg = Release|Any CPU
		{8FCD3A62-9872-4711-9D34-B6E7DE4743F9}.Release|Any CPU.Build.0 = Release|Any CPU
		{1412EC7D-62E4-4BE4-A278-C9C3E9C60F37}.Debug|Any CPU.ActiveCfg = Debug|Any CPU
		{1412EC7D-62E4-4BE4-A278-C9C3E9C60F37}.Debug|Any CPU.Build.0 = Debug|Any CPU
		{1412EC7D-62E4-4BE4-A278-C9C3E9C60F37}.Release|Any CPU.ActiveCfg = Release|Any CPU
		{1412EC7D-62E4-4BE4-A278-C9C3E9C60F37}.Release|Any CPU.Build.0 = Release|Any CPU
		{C6509D85-F1C2-4004-B924-AED850C0DB8A}.Debug|Any CPU.ActiveCfg = Debug|Any CPU
		{C6509D85-F1C2-4004-B924-AED850C0DB8A}.Debug|Any CPU.Build.0 = Debug|Any CPU
		{C6509D85-F1C2-4004-B924-AED850C0DB8A}.Release|Any CPU.ActiveCfg = Release|Any CPU
		{C6509D85-F1C2-4004-B924-AED850C0DB8A}.Release|Any CPU.Build.0 = Release|Any CPU
		{660FB8A6-F86B-4EDF-BA57-D43D3D1B2499}.Debug|Any CPU.ActiveCfg = Debug|Any CPU
		{660FB8A6-F86B-4EDF-BA57-D43D3D1B2499}.Debug|Any CPU.Build.0 = Debug|Any CPU
		{660FB8A6-F86B-4EDF-BA57-D43D3D1B2499}.Release|Any CPU.ActiveCfg = Release|Any CPU
		{660FB8A6-F86B-4EDF-BA57-D43D3D1B2499}.Release|Any CPU.Build.0 = Release|Any CPU
		{DFEEC976-2453-41AF-A97F-D214E53AC7FA}.Debug|Any CPU.ActiveCfg = Debug|Any CPU
		{DFEEC976-2453-41AF-A97F-D214E53AC7FA}.Debug|Any CPU.Build.0 = Debug|Any CPU
		{DFEEC976-2453-41AF-A97F-D214E53AC7FA}.Release|Any CPU.ActiveCfg = Release|Any CPU
		{DFEEC976-2453-41AF-A97F-D214E53AC7FA}.Release|Any CPU.Build.0 = Release|Any CPU
		{EE221BA9-A4BB-4E81-BCE3-8CE217435993}.Debug|Any CPU.ActiveCfg = Debug|Any CPU
		{EE221BA9-A4BB-4E81-BCE3-8CE217435993}.Debug|Any CPU.Build.0 = Debug|Any CPU
		{EE221BA9-A4BB-4E81-BCE3-8CE217435993}.Release|Any CPU.ActiveCfg = Release|Any CPU
		{EE221BA9-A4BB-4E81-BCE3-8CE217435993}.Release|Any CPU.Build.0 = Release|Any CPU
		{B3B4C488-6E05-4EEC-91B2-419316EAAFD3}.Debug|Any CPU.ActiveCfg = Debug|Any CPU
		{B3B4C488-6E05-4EEC-91B2-419316EAAFD3}.Debug|Any CPU.Build.0 = Debug|Any CPU
		{B3B4C488-6E05-4EEC-91B2-419316EAAFD3}.Release|Any CPU.ActiveCfg = Release|Any CPU
		{B3B4C488-6E05-4EEC-91B2-419316EAAFD3}.Release|Any CPU.Build.0 = Release|Any CPU
		{2A75162B-07F5-43D3-8D5F-0E8881EDE3CE}.Debug|Any CPU.ActiveCfg = Debug|Any CPU
		{2A75162B-07F5-43D3-8D5F-0E8881EDE3CE}.Debug|Any CPU.Build.0 = Debug|Any CPU
		{2A75162B-07F5-43D3-8D5F-0E8881EDE3CE}.Release|Any CPU.ActiveCfg = Release|Any CPU
		{2A75162B-07F5-43D3-8D5F-0E8881EDE3CE}.Release|Any CPU.Build.0 = Release|Any CPU
		{EE585BDA-2886-4038-B41E-CF4E32E8A0E1}.Debug|Any CPU.ActiveCfg = Debug|Any CPU
		{EE585BDA-2886-4038-B41E-CF4E32E8A0E1}.Debug|Any CPU.Build.0 = Debug|Any CPU
		{EE585BDA-2886-4038-B41E-CF4E32E8A0E1}.Release|Any CPU.ActiveCfg = Release|Any CPU
		{EE585BDA-2886-4038-B41E-CF4E32E8A0E1}.Release|Any CPU.Build.0 = Release|Any CPU
		{20CB6C67-563C-4782-9ADF-D678974A175B}.Debug|Any CPU.ActiveCfg = Debug|Any CPU
		{20CB6C67-563C-4782-9ADF-D678974A175B}.Debug|Any CPU.Build.0 = Debug|Any CPU
		{20CB6C67-563C-4782-9ADF-D678974A175B}.Release|Any CPU.ActiveCfg = Release|Any CPU
		{20CB6C67-563C-4782-9ADF-D678974A175B}.Release|Any CPU.Build.0 = Release|Any CPU
		{9087B53D-68B4-4520-9EB2-055E33A39555}.Debug|Any CPU.ActiveCfg = Debug|Any CPU
		{9087B53D-68B4-4520-9EB2-055E33A39555}.Debug|Any CPU.Build.0 = Debug|Any CPU
		{9087B53D-68B4-4520-9EB2-055E33A39555}.Release|Any CPU.ActiveCfg = Release|Any CPU
		{9087B53D-68B4-4520-9EB2-055E33A39555}.Release|Any CPU.Build.0 = Release|Any CPU
		{7D5BE330-2ABF-417B-B9FB-5A119BB1EA8E}.Debug|Any CPU.ActiveCfg = Debug|Any CPU
		{7D5BE330-2ABF-417B-B9FB-5A119BB1EA8E}.Debug|Any CPU.Build.0 = Debug|Any CPU
		{7D5BE330-2ABF-417B-B9FB-5A119BB1EA8E}.Release|Any CPU.ActiveCfg = Release|Any CPU
		{7D5BE330-2ABF-417B-B9FB-5A119BB1EA8E}.Release|Any CPU.Build.0 = Release|Any CPU
		{ED0E62DB-767A-4935-90D8-0C918756F62D}.Debug|Any CPU.ActiveCfg = Debug|Any CPU
		{ED0E62DB-767A-4935-90D8-0C918756F62D}.Debug|Any CPU.Build.0 = Debug|Any CPU
		{ED0E62DB-767A-4935-90D8-0C918756F62D}.Release|Any CPU.ActiveCfg = Release|Any CPU
		{ED0E62DB-767A-4935-90D8-0C918756F62D}.Release|Any CPU.Build.0 = Release|Any CPU
	EndGlobalSection
	GlobalSection(SolutionProperties) = preSolution
		HideSolutionNode = FALSE
	EndGlobalSection
	GlobalSection(NestedProjects) = preSolution
		{AFBF5BE7-AE1E-4DC1-BD43-72C4FC2376A6} = {2FE6FE6C-80E8-4E23-B6F5-475613857657}
		{DB04F4FE-BE1E-4574-B1AB-7254648EEFE1} = {2FE6FE6C-80E8-4E23-B6F5-475613857657}
		{D85DCE4F-572E-444C-BBF6-EFAA530C880F} = {2FE6FE6C-80E8-4E23-B6F5-475613857657}
		{774CB5BF-3083-484C-BF88-C67593005F34} = {2FE6FE6C-80E8-4E23-B6F5-475613857657}
		{59CDCBE1-F106-4C1D-917C-CEBB9368E5CB} = {2CE00342-33F1-407E-AA9C-722C7EF38308}
		{5F7071CC-EC08-4D2E-B857-A34FC8858A70} = {2CE00342-33F1-407E-AA9C-722C7EF38308}
		{9BB9B1D4-05FC-4A34-BD0A-A4FC02E2CBD9} = {2CE00342-33F1-407E-AA9C-722C7EF38308}
		{D3CB5EC5-3781-4206-A941-1AD69EFE9FD0} = {2CE00342-33F1-407E-AA9C-722C7EF38308}
		{98BA8060-5918-4003-8A4D-04C0436F2184} = {2CE00342-33F1-407E-AA9C-722C7EF38308}
		{FFBC716C-54A1-43B2-A6F2-0AD88E41CC0A} = {2CE00342-33F1-407E-AA9C-722C7EF38308}
		{8FCD3A62-9872-4711-9D34-B6E7DE4743F9} = {2CE00342-33F1-407E-AA9C-722C7EF38308}
		{1412EC7D-62E4-4BE4-A278-C9C3E9C60F37} = {2CE00342-33F1-407E-AA9C-722C7EF38308}
		{C6509D85-F1C2-4004-B924-AED850C0DB8A} = {A9E42A26-C63D-4CA0-9177-07E83DBB7C12}
		{660FB8A6-F86B-4EDF-BA57-D43D3D1B2499} = {A9E42A26-C63D-4CA0-9177-07E83DBB7C12}
		{DFEEC976-2453-41AF-A97F-D214E53AC7FA} = {A9E42A26-C63D-4CA0-9177-07E83DBB7C12}
		{EE221BA9-A4BB-4E81-BCE3-8CE217435993} = {A9E42A26-C63D-4CA0-9177-07E83DBB7C12}
		{B3B4C488-6E05-4EEC-91B2-419316EAAFD3} = {A6C246E2-0320-4CF7-9B27-18B3398F6945}
		{2A75162B-07F5-43D3-8D5F-0E8881EDE3CE} = {A6C246E2-0320-4CF7-9B27-18B3398F6945}
		{EE585BDA-2886-4038-B41E-CF4E32E8A0E1} = {A6C246E2-0320-4CF7-9B27-18B3398F6945}
		{20CB6C67-563C-4782-9ADF-D678974A175B} = {A6C246E2-0320-4CF7-9B27-18B3398F6945}
		{9087B53D-68B4-4520-9EB2-055E33A39555} = {A6C246E2-0320-4CF7-9B27-18B3398F6945}
		{7D5BE330-2ABF-417B-B9FB-5A119BB1EA8E} = {A6C246E2-0320-4CF7-9B27-18B3398F6945}
		{0D5E83C8-7F33-4B4E-BE80-04E44A900787} = {A6C246E2-0320-4CF7-9B27-18B3398F6945}
		{ED0E62DB-767A-4935-90D8-0C918756F62D} = {5D09FEBC-E02A-4571-9114-A2B6C48CE0F9}
	EndGlobalSection
	GlobalSection(ExtensibilityGlobals) = postSolution
		SolutionGuid = {5D1115AF-D824-4602-88F3-9C2AF9D561B8}
	EndGlobalSection
EndGlobal
